
Microsoft Visual Studio Solution File, Format Version 12.00
# Visual Studio Version 17
VisualStudioVersion = 17.5.33424.131
MinimumVisualStudioVersion = 10.0.40219.1
Project("{2150E333-8FDC-42A3-9474-1A3956D46DE8}") = "Microservices", "Microservices", "{53BD41E4-8DE1-401D-A3B4-09552E06C832}"
EndProject
Project("{FAE04EC0-301F-11D3-BF4B-00C04F79EFBC}") = "CustomerApi", "CustomerApi\CustomerApi.csproj", "{2D47B747-C929-44A3-B842-0BD1BB304CAC}"
EndProject
Global
	GlobalSection(SolutionConfigurationPlatforms) = preSolution
		Debug|Any CPU = Debug|Any CPU
		Release|Any CPU = Release|Any CPU
	EndGlobalSection
	GlobalSection(ProjectConfigurationPlatforms) = postSolution
		{2D47B747-C929-44A3-B842-0BD1BB304CAC}.Debug|Any CPU.ActiveCfg = Debug|Any CPU
		{2D47B747-C929-44A3-B842-0BD1BB304CAC}.Debug|Any CPU.Build.0 = Debug|Any CPU
		{2D47B747-C929-44A3-B842-0BD1BB304CAC}.Release|Any CPU.ActiveCfg = Release|Any CPU
		{2D47B747-C929-44A3-B842-0BD1BB304CAC}.Release|Any CPU.Build.0 = Release|Any CPU
	EndGlobalSection
	GlobalSection(SolutionProperties) = preSolution
		HideSolutionNode = FALSE
	EndGlobalSection
	GlobalSection(NestedProjects) = preSolution
		{2D47B747-C929-44A3-B842-0BD1BB304CAC} = {53BD41E4-8DE1-401D-A3B4-09552E06C832}
	EndGlobalSection
	GlobalSection(ExtensibilityGlobals) = postSolution
		SolutionGuid = {1ED5C4DB-491E-4C85-8A5C-7A2036544621}
	EndGlobalSection
EndGlobal
